
Microsoft Visual Studio Solution File, Format Version 12.00
# Visual Studio 15
VisualStudioVersion = 15.0.26124.0
MinimumVisualStudioVersion = 15.0.26124.0
Project("{FAE04EC0-301F-11D3-BF4B-00C04F79EFBC}") = "ITI.Poll.Infrastructure", "ITI.Poll.Infrastructure\ITI.Poll.Infrastructure.csproj", "{4D031DAA-88C6-4B08-8561-D69FC7B7E5D0}"
EndProject
Project("{FAE04EC0-301F-11D3-BF4B-00C04F79EFBC}") = "ITI.Poll.DB", "ITI.Poll.DB\ITI.Poll.DB.csproj", "{6229202A-FB83-47D4-B063-6648A6A8C777}"
EndProject
Project("{FAE04EC0-301F-11D3-BF4B-00C04F79EFBC}") = "ITI.Poll.Model", "ITI.Poll.Model\ITI.Poll.Model.csproj", "{C9BAD981-CC18-48EC-AB43-D41DF5CCB41B}"
EndProject
Project("{FAE04EC0-301F-11D3-BF4B-00C04F79EFBC}") = "ITI.Poll.AspNetCore", "ITI.Poll.AspNetCore\ITI.Poll.AspNetCore.csproj", "{404A10AD-E82C-49CD-9984-ED0965113378}"
EndProject
Project("{FAE04EC0-301F-11D3-BF4B-00C04F79EFBC}") = "ITI.Poll.GraphQL", "ITI.Poll.GraphQL\ITI.Poll.GraphQL.csproj", "{D69C1867-CC6C-4B5D-B65C-0B7D466FDF31}"
EndProject
Project("{FAE04EC0-301F-11D3-BF4B-00C04F79EFBC}") = "ITI.Poll.Model.Tests.Unit", "ITI.Poll.Model.Tests.Unit\ITI.Poll.Model.Tests.Unit.csproj", "{4C3B81C2-1D23-4C58-BAB1-EFCB8D054EF5}"
EndProject
Project("{FAE04EC0-301F-11D3-BF4B-00C04F79EFBC}") = "ITI.Poll.Infrastructure.Tests.Integration", "ITI.Poll.Infrastructure.Tests.Integration\ITI.Poll.Infrastructure.Tests.Integration.csproj", "{2A5973CC-6351-4843-A71A-A5F14C784627}"
EndProject
Project("{FAE04EC0-301F-11D3-BF4B-00C04F79EFBC}") = "ITI.Poll.Model.Tests.Integration", "ITI.Poll.Model.Tests.Integration\ITI.Poll.Model.Tests.Integration.csproj", "{B0B77D7E-520E-4783-868E-6964B9865776}"
EndProject
Project("{FAE04EC0-301F-11D3-BF4B-00C04F79EFBC}") = "ITI.Poll.Tests", "ITI.Poll.Tests\ITI.Poll.Tests.csproj", "{E8ED686E-03BA-4917-8D8D-592E723D6167}"
EndProject
Global
	GlobalSection(SolutionConfigurationPlatforms) = preSolution
		Debug|Any CPU = Debug|Any CPU
		Debug|x64 = Debug|x64
		Debug|x86 = Debug|x86
		Release|Any CPU = Release|Any CPU
		Release|x64 = Release|x64
		Release|x86 = Release|x86
	EndGlobalSection
	GlobalSection(SolutionProperties) = preSolution
		HideSolutionNode = FALSE
	EndGlobalSection
	GlobalSection(ProjectConfigurationPlatforms) = postSolution
		{4D031DAA-88C6-4B08-8561-D69FC7B7E5D0}.Debug|Any CPU.ActiveCfg = Debug|Any CPU
		{4D031DAA-88C6-4B08-8561-D69FC7B7E5D0}.Debug|Any CPU.Build.0 = Debug|Any CPU
		{4D031DAA-88C6-4B08-8561-D69FC7B7E5D0}.Debug|x64.ActiveCfg = Debug|Any CPU
		{4D031DAA-88C6-4B08-8561-D69FC7B7E5D0}.Debug|x64.Build.0 = Debug|Any CPU
		{4D031DAA-88C6-4B08-8561-D69FC7B7E5D0}.Debug|x86.ActiveCfg = Debug|Any CPU
		{4D031DAA-88C6-4B08-8561-D69FC7B7E5D0}.Debug|x86.Build.0 = Debug|Any CPU
		{4D031DAA-88C6-4B08-8561-D69FC7B7E5D0}.Release|Any CPU.ActiveCfg = Release|Any CPU
		{4D031DAA-88C6-4B08-8561-D69FC7B7E5D0}.Release|Any CPU.Build.0 = Release|Any CPU
		{4D031DAA-88C6-4B08-8561-D69FC7B7E5D0}.Release|x64.ActiveCfg = Release|Any CPU
		{4D031DAA-88C6-4B08-8561-D69FC7B7E5D0}.Release|x64.Build.0 = Release|Any CPU
		{4D031DAA-88C6-4B08-8561-D69FC7B7E5D0}.Release|x86.ActiveCfg = Release|Any CPU
		{4D031DAA-88C6-4B08-8561-D69FC7B7E5D0}.Release|x86.Build.0 = Release|Any CPU
		{6229202A-FB83-47D4-B063-6648A6A8C777}.Debug|Any CPU.ActiveCfg = Debug|Any CPU
		{6229202A-FB83-47D4-B063-6648A6A8C777}.Debug|Any CPU.Build.0 = Debug|Any CPU
		{6229202A-FB83-47D4-B063-6648A6A8C777}.Debug|x64.ActiveCfg = Debug|Any CPU
		{6229202A-FB83-47D4-B063-6648A6A8C777}.Debug|x64.Build.0 = Debug|Any CPU
		{6229202A-FB83-47D4-B063-6648A6A8C777}.Debug|x86.ActiveCfg = Debug|Any CPU
		{6229202A-FB83-47D4-B063-6648A6A8C777}.Debug|x86.Build.0 = Debug|Any CPU
		{6229202A-FB83-47D4-B063-6648A6A8C777}.Release|Any CPU.ActiveCfg = Release|Any CPU
		{6229202A-FB83-47D4-B063-6648A6A8C777}.Release|Any CPU.Build.0 = Release|Any CPU
		{6229202A-FB83-47D4-B063-6648A6A8C777}.Release|x64.ActiveCfg = Release|Any CPU
		{6229202A-FB83-47D4-B063-6648A6A8C777}.Release|x64.Build.0 = Release|Any CPU
		{6229202A-FB83-47D4-B063-6648A6A8C777}.Release|x86.ActiveCfg = Release|Any CPU
		{6229202A-FB83-47D4-B063-6648A6A8C777}.Release|x86.Build.0 = Release|Any CPU
		{C9BAD981-CC18-48EC-AB43-D41DF5CCB41B}.Debug|Any CPU.ActiveCfg = Debug|Any CPU
		{C9BAD981-CC18-48EC-AB43-D41DF5CCB41B}.Debug|Any CPU.Build.0 = Debug|Any CPU
		{C9BAD981-CC18-48EC-AB43-D41DF5CCB41B}.Debug|x64.ActiveCfg = Debug|Any CPU
		{C9BAD981-CC18-48EC-AB43-D41DF5CCB41B}.Debug|x64.Build.0 = Debug|Any CPU
		{C9BAD981-CC18-48EC-AB43-D41DF5CCB41B}.Debug|x86.ActiveCfg = Debug|Any CPU
		{C9BAD981-CC18-48EC-AB43-D41DF5CCB41B}.Debug|x86.Build.0 = Debug|Any CPU
		{C9BAD981-CC18-48EC-AB43-D41DF5CCB41B}.Release|Any CPU.ActiveCfg = Release|Any CPU
		{C9BAD981-CC18-48EC-AB43-D41DF5CCB41B}.Release|Any CPU.Build.0 = Release|Any CPU
		{C9BAD981-CC18-48EC-AB43-D41DF5CCB41B}.Release|x64.ActiveCfg = Release|Any CPU
		{C9BAD981-CC18-48EC-AB43-D41DF5CCB41B}.Release|x64.Build.0 = Release|Any CPU
		{C9BAD981-CC18-48EC-AB43-D41DF5CCB41B}.Release|x86.ActiveCfg = Release|Any CPU
		{C9BAD981-CC18-48EC-AB43-D41DF5CCB41B}.Release|x86.Build.0 = Release|Any CPU
		{404A10AD-E82C-49CD-9984-ED0965113378}.Debug|Any CPU.ActiveCfg = Debug|Any CPU
		{404A10AD-E82C-49CD-9984-ED0965113378}.Debug|Any CPU.Build.0 = Debug|Any CPU
		{404A10AD-E82C-49CD-9984-ED0965113378}.Debug|x64.ActiveCfg = Debug|Any CPU
		{404A10AD-E82C-49CD-9984-ED0965113378}.Debug|x64.Build.0 = Debug|Any CPU
		{404A10AD-E82C-49CD-9984-ED0965113378}.Debug|x86.ActiveCfg = Debug|Any CPU
		{404A10AD-E82C-49CD-9984-ED0965113378}.Debug|x86.Build.0 = Debug|Any CPU
		{404A10AD-E82C-49CD-9984-ED0965113378}.Release|Any CPU.ActiveCfg = Release|Any CPU
		{404A10AD-E82C-49CD-9984-ED0965113378}.Release|Any CPU.Build.0 = Release|Any CPU
		{404A10AD-E82C-49CD-9984-ED0965113378}.Release|x64.ActiveCfg = Release|Any CPU
		{404A10AD-E82C-49CD-9984-ED0965113378}.Release|x64.Build.0 = Release|Any CPU
		{404A10AD-E82C-49CD-9984-ED0965113378}.Release|x86.ActiveCfg = Release|Any CPU
		{404A10AD-E82C-49CD-9984-ED0965113378}.Release|x86.Build.0 = Release|Any CPU
		{D69C1867-CC6C-4B5D-B65C-0B7D466FDF31}.Debug|Any CPU.ActiveCfg = Debug|Any CPU
		{D69C1867-CC6C-4B5D-B65C-0B7D466FDF31}.Debug|Any CPU.Build.0 = Debug|Any CPU
		{D69C1867-CC6C-4B5D-B65C-0B7D466FDF31}.Debug|x64.ActiveCfg = Debug|Any CPU
		{D69C1867-CC6C-4B5D-B65C-0B7D466FDF31}.Debug|x64.Build.0 = Debug|Any CPU
		{D69C1867-CC6C-4B5D-B65C-0B7D466FDF31}.Debug|x86.ActiveCfg = Debug|Any CPU
		{D69C1867-CC6C-4B5D-B65C-0B7D466FDF31}.Debug|x86.Build.0 = Debug|Any CPU
		{D69C1867-CC6C-4B5D-B65C-0B7D466FDF31}.Release|Any CPU.ActiveCfg = Release|Any CPU
		{D69C1867-CC6C-4B5D-B65C-0B7D466FDF31}.Release|Any CPU.Build.0 = Release|Any CPU
		{D69C1867-CC6C-4B5D-B65C-0B7D466FDF31}.Release|x64.ActiveCfg = Release|Any CPU
		{D69C1867-CC6C-4B5D-B65C-0B7D466FDF31}.Release|x64.Build.0 = Release|Any CPU
		{D69C1867-CC6C-4B5D-B65C-0B7D466FDF31}.Release|x86.ActiveCfg = Release|Any CPU
		{D69C1867-CC6C-4B5D-B65C-0B7D466FDF31}.Release|x86.Build.0 = Release|Any CPU
		{4C3B81C2-1D23-4C58-BAB1-EFCB8D054EF5}.Debug|Any CPU.ActiveCfg = Debug|Any CPU
		{4C3B81C2-1D23-4C58-BAB1-EFCB8D054EF5}.Debug|Any CPU.Build.0 = Debug|Any CPU
		{4C3B81C2-1D23-4C58-BAB1-EFCB8D054EF5}.Debug|x64.ActiveCfg = Debug|Any CPU
		{4C3B81C2-1D23-4C58-BAB1-EFCB8D054EF5}.Debug|x64.Build.0 = Debug|Any CPU
		{4C3B81C2-1D23-4C58-BAB1-EFCB8D054EF5}.Debug|x86.ActiveCfg = Debug|Any CPU
		{4C3B81C2-1D23-4C58-BAB1-EFCB8D054EF5}.Debug|x86.Build.0 = Debug|Any CPU
		{4C3B81C2-1D23-4C58-BAB1-EFCB8D054EF5}.Release|Any CPU.ActiveCfg = Release|Any CPU
		{4C3B81C2-1D23-4C58-BAB1-EFCB8D054EF5}.Release|Any CPU.Build.0 = Release|Any CPU
		{4C3B81C2-1D23-4C58-BAB1-EFCB8D054EF5}.Release|x64.ActiveCfg = Release|Any CPU
		{4C3B81C2-1D23-4C58-BAB1-EFCB8D054EF5}.Release|x64.Build.0 = Release|Any CPU
		{4C3B81C2-1D23-4C58-BAB1-EFCB8D054EF5}.Release|x86.ActiveCfg = Release|Any CPU
		{4C3B81C2-1D23-4C58-BAB1-EFCB8D054EF5}.Release|x86.Build.0 = Release|Any CPU
		{2A5973CC-6351-4843-A71A-A5F14C784627}.Debug|Any CPU.ActiveCfg = Debug|Any CPU
		{2A5973CC-6351-4843-A71A-A5F14C784627}.Debug|Any CPU.Build.0 = Debug|Any CPU
		{2A5973CC-6351-4843-A71A-A5F14C784627}.Debug|x64.ActiveCfg = Debug|Any CPU
		{2A5973CC-6351-4843-A71A-A5F14C784627}.Debug|x64.Build.0 = Debug|Any CPU
		{2A5973CC-6351-4843-A71A-A5F14C784627}.Debug|x86.ActiveCfg = Debug|Any CPU
		{2A5973CC-6351-4843-A71A-A5F14C784627}.Debug|x86.Build.0 = Debug|Any CPU
		{2A5973CC-6351-4843-A71A-A5F14C784627}.Release|Any CPU.ActiveCfg = Release|Any CPU
		{2A5973CC-6351-4843-A71A-A5F14C784627}.Release|Any CPU.Build.0 = Release|Any CPU
		{2A5973CC-6351-4843-A71A-A5F14C784627}.Release|x64.ActiveCfg = Release|Any CPU
		{2A5973CC-6351-4843-A71A-A5F14C784627}.Release|x64.Build.0 = Release|Any CPU
		{2A5973CC-6351-4843-A71A-A5F14C784627}.Release|x86.ActiveCfg = Release|Any CPU
		{2A5973CC-6351-4843-A71A-A5F14C784627}.Release|x86.Build.0 = Release|Any CPU
		{B0B77D7E-520E-4783-868E-6964B9865776}.Debug|Any CPU.ActiveCfg = Debug|Any CPU
		{B0B77D7E-520E-4783-868E-6964B9865776}.Debug|Any CPU.Build.0 = Debug|Any CPU
		{B0B77D7E-520E-4783-868E-6964B9865776}.Debug|x64.ActiveCfg = Debug|Any CPU
		{B0B77D7E-520E-4783-868E-6964B9865776}.Debug|x64.Build.0 = Debug|Any CPU
		{B0B77D7E-520E-4783-868E-6964B9865776}.Debug|x86.ActiveCfg = Debug|Any CPU
		{B0B77D7E-520E-4783-868E-6964B9865776}.Debug|x86.Build.0 = Debug|Any CPU
		{B0B77D7E-520E-4783-868E-6964B9865776}.Release|Any CPU.ActiveCfg = Release|Any CPU
		{B0B77D7E-520E-4783-868E-6964B9865776}.Release|Any CPU.Build.0 = Release|Any CPU
		{B0B77D7E-520E-4783-868E-6964B9865776}.Release|x64.ActiveCfg = Release|Any CPU
		{B0B77D7E-520E-4783-868E-6964B9865776}.Release|x64.Build.0 = Release|Any CPU
		{B0B77D7E-520E-4783-868E-6964B9865776}.Release|x86.ActiveCfg = Release|Any CPU
		{B0B77D7E-520E-4783-868E-6964B9865776}.Release|x86.Build.0 = Release|Any CPU
		{E8ED686E-03BA-4917-8D8D-592E723D6167}.Debug|Any CPU.ActiveCfg = Debug|Any CPU
		{E8ED686E-03BA-4917-8D8D-592E723D6167}.Debug|Any CPU.Build.0 = Debug|Any CPU
		{E8ED686E-03BA-4917-8D8D-592E723D6167}.Debug|x64.ActiveCfg = Debug|Any CPU
		{E8ED686E-03BA-4917-8D8D-592E723D6167}.Debug|x64.Build.0 = Debug|Any CPU
		{E8ED686E-03BA-4917-8D8D-592E723D6167}.Debug|x86.ActiveCfg = Debug|Any CPU
		{E8ED686E-03BA-4917-8D8D-592E723D6167}.Debug|x86.Build.0 = Debug|Any CPU
		{E8ED686E-03BA-4917-8D8D-592E723D6167}.Release|Any CPU.ActiveCfg = Release|Any CPU
		{E8ED686E-03BA-4917-8D8D-592E723D6167}.Release|Any CPU.Build.0 = Release|Any CPU
		{E8ED686E-03BA-4917-8D8D-592E723D6167}.Release|x64.ActiveCfg = Release|Any CPU
		{E8ED686E-03BA-4917-8D8D-592E723D6167}.Release|x64.Build.0 = Release|Any CPU
		{E8ED686E-03BA-4917-8D8D-592E723D6167}.Release|x86.ActiveCfg = Release|Any CPU
		{E8ED686E-03BA-4917-8D8D-592E723D6167}.Release|x86.Build.0 = Release|Any CPU
	EndGlobalSection
EndGlobal
